
Microsoft Visual Studio Solution File, Format Version 12.00
# Visual Studio 15
VisualStudioVersion = 15.0.28307.168
MinimumVisualStudioVersion = 10.0.40219.1
Project("{FAE04EC0-301F-11D3-BF4B-00C04F79EFBC}") = "NascarFeed", "NascarFeed\NascarFeed.csproj", "{469A01CC-389E-4C5E-887D-21C19D8FEE38}"
EndProject
Project("{FAE04EC0-301F-11D3-BF4B-00C04F79EFBC}") = "NascarFeed.Data", "NascarFeed.Data\NascarFeed.Data.csproj", "{7518C1D3-1FC9-4C9D-8DDE-34886226809A}"
EndProject
Project("{FAE04EC0-301F-11D3-BF4B-00C04F79EFBC}") = "rNascarTimingAndScoring", "rNascarFeed\rNascarTimingAndScoring.csproj", "{C0C080DB-33D2-441F-AA87-43B30F974AFD}"
EndProject
Project("{840C416C-B8F3-42BC-B0DD-F6BB14C9F8CB}") = "rNascar Setup", "rNascar Setup\rNascar Setup.aiproj", "{00BA2DEA-BF8C-48F1-A635-42A7A90F9EE5}"
EndProject
Global
	GlobalSection(SolutionConfigurationPlatforms) = preSolution
		All|Any CPU = All|Any CPU
		Debug|Any CPU = Debug|Any CPU
		Release|Any CPU = Release|Any CPU
	EndGlobalSection
	GlobalSection(ProjectConfigurationPlatforms) = postSolution
		{469A01CC-389E-4C5E-887D-21C19D8FEE38}.All|Any CPU.ActiveCfg = Release|Any CPU
		{469A01CC-389E-4C5E-887D-21C19D8FEE38}.All|Any CPU.Build.0 = Release|Any CPU
		{469A01CC-389E-4C5E-887D-21C19D8FEE38}.Debug|Any CPU.ActiveCfg = Debug|Any CPU
		{469A01CC-389E-4C5E-887D-21C19D8FEE38}.Debug|Any CPU.Build.0 = Debug|Any CPU
		{469A01CC-389E-4C5E-887D-21C19D8FEE38}.Release|Any CPU.ActiveCfg = Release|Any CPU
		{469A01CC-389E-4C5E-887D-21C19D8FEE38}.Release|Any CPU.Build.0 = Release|Any CPU
		{7518C1D3-1FC9-4C9D-8DDE-34886226809A}.All|Any CPU.ActiveCfg = Release|Any CPU
		{7518C1D3-1FC9-4C9D-8DDE-34886226809A}.All|Any CPU.Build.0 = Release|Any CPU
		{7518C1D3-1FC9-4C9D-8DDE-34886226809A}.Debug|Any CPU.ActiveCfg = Debug|Any CPU
		{7518C1D3-1FC9-4C9D-8DDE-34886226809A}.Debug|Any CPU.Build.0 = Debug|Any CPU
		{7518C1D3-1FC9-4C9D-8DDE-34886226809A}.Release|Any CPU.ActiveCfg = Release|Any CPU
		{7518C1D3-1FC9-4C9D-8DDE-34886226809A}.Release|Any CPU.Build.0 = Release|Any CPU
		{C0C080DB-33D2-441F-AA87-43B30F974AFD}.All|Any CPU.ActiveCfg = Release|Any CPU
		{C0C080DB-33D2-441F-AA87-43B30F974AFD}.All|Any CPU.Build.0 = Release|Any CPU
		{C0C080DB-33D2-441F-AA87-43B30F974AFD}.Debug|Any CPU.ActiveCfg = Debug|Any CPU
		{C0C080DB-33D2-441F-AA87-43B30F974AFD}.Debug|Any CPU.Build.0 = Debug|Any CPU
		{C0C080DB-33D2-441F-AA87-43B30F974AFD}.Release|Any CPU.ActiveCfg = Release|Any CPU
		{C0C080DB-33D2-441F-AA87-43B30F974AFD}.Release|Any CPU.Build.0 = Release|Any CPU
		{00BA2DEA-BF8C-48F1-A635-42A7A90F9EE5}.All|Any CPU.ActiveCfg = DefaultBuild
		{00BA2DEA-BF8C-48F1-A635-42A7A90F9EE5}.All|Any CPU.Build.0 = DefaultBuild
		{00BA2DEA-BF8C-48F1-A635-42A7A90F9EE5}.Debug|Any CPU.ActiveCfg = DefaultBuild
		{00BA2DEA-BF8C-48F1-A635-42A7A90F9EE5}.Debug|Any CPU.Build.0 = DefaultBuild
		{00BA2DEA-BF8C-48F1-A635-42A7A90F9EE5}.Release|Any CPU.ActiveCfg = DefaultBuild
		{00BA2DEA-BF8C-48F1-A635-42A7A90F9EE5}.Release|Any CPU.Build.0 = DefaultBuild
	EndGlobalSection
	GlobalSection(SolutionProperties) = preSolution
		HideSolutionNode = FALSE
	EndGlobalSection
	GlobalSection(ExtensibilityGlobals) = postSolution
		SolutionGuid = {F00B7AE5-ED49-44FF-952A-9FC467AEAC3C}
	EndGlobalSection
EndGlobal
