
Microsoft Visual Studio Solution File, Format Version 12.00
# Visual Studio 15
VisualStudioVersion = 15.0.28307.168
MinimumVisualStudioVersion = 10.0.40219.1
Project("{FAE04EC0-301F-11D3-BF4B-00C04F79EFBC}") = "rNascarTS", "rNascarTS\rNascarTS.csproj", "{9331E682-37ED-4FE1-A0B6-C78329D30DD6}"
EndProject
Global
	GlobalSection(SolutionConfigurationPlatforms) = preSolution
		Debug|Any CPU = Debug|Any CPU
		Release|Any CPU = Release|Any CPU
	EndGlobalSection
	GlobalSection(ProjectConfigurationPlatforms) = postSolution
		{9331E682-37ED-4FE1-A0B6-C78329D30DD6}.Debug|Any CPU.ActiveCfg = Debug|Any CPU
		{9331E682-37ED-4FE1-A0B6-C78329D30DD6}.Debug|Any CPU.Build.0 = Debug|Any CPU
		{9331E682-37ED-4FE1-A0B6-C78329D30DD6}.Release|Any CPU.ActiveCfg = Release|Any CPU
		{9331E682-37ED-4FE1-A0B6-C78329D30DD6}.Release|Any CPU.Build.0 = Release|Any CPU
	EndGlobalSection
	GlobalSection(SolutionProperties) = preSolution
		HideSolutionNode = FALSE
	EndGlobalSection
	GlobalSection(ExtensibilityGlobals) = postSolution
		SolutionGuid = {A3223D79-89A1-4106-9C08-BDAD975AE450}
	EndGlobalSection
EndGlobal
