
Microsoft Visual Studio Solution File, Format Version 12.00
# Visual Studio 15
VisualStudioVersion = 15.0.28307.168
MinimumVisualStudioVersion = 10.0.40219.1
Project("{FAE04EC0-301F-11D3-BF4B-00C04F79EFBC}") = "rNascarTimingAndScoring", "rNascarTimingAndScoring\rNascarTimingAndScoring.csproj", "{C0C080DB-33D2-441F-AA87-43B30F974AFD}"
EndProject
Project("{FAE04EC0-301F-11D3-BF4B-00C04F79EFBC}") = "rNascarTimingAndScoring.UnitTests", "rNascarTimingAndScoring.UnitTests\rNascarTimingAndScoring.UnitTests.csproj", "{30DF6551-9F23-4692-AC3C-13C3B526BADC}"
EndProject
Project("{840C416C-B8F3-42BC-B0DD-F6BB14C9F8CB}") = "rNascar Setup", "rNascarTimingAndScoring.Setup\rNascar Setup.aiproj", "{00BA2DEA-BF8C-48F1-A635-42A7A90F9EE5}"
EndProject
Global
	GlobalSection(SolutionConfigurationPlatforms) = preSolution
		Debug|Any CPU = Debug|Any CPU
		DefaultBuild|Any CPU = DefaultBuild|Any CPU
		Release|Any CPU = Release|Any CPU
	EndGlobalSection
	GlobalSection(ProjectConfigurationPlatforms) = postSolution
		{C0C080DB-33D2-441F-AA87-43B30F974AFD}.Debug|Any CPU.ActiveCfg = Debug|Any CPU
		{C0C080DB-33D2-441F-AA87-43B30F974AFD}.Debug|Any CPU.Build.0 = Debug|Any CPU
		{C0C080DB-33D2-441F-AA87-43B30F974AFD}.DefaultBuild|Any CPU.ActiveCfg = Debug|Any CPU
		{C0C080DB-33D2-441F-AA87-43B30F974AFD}.DefaultBuild|Any CPU.Build.0 = Debug|Any CPU
		{C0C080DB-33D2-441F-AA87-43B30F974AFD}.Release|Any CPU.ActiveCfg = Release|Any CPU
		{C0C080DB-33D2-441F-AA87-43B30F974AFD}.Release|Any CPU.Build.0 = Release|Any CPU
		{30DF6551-9F23-4692-AC3C-13C3B526BADC}.Debug|Any CPU.ActiveCfg = Debug|Any CPU
		{30DF6551-9F23-4692-AC3C-13C3B526BADC}.Debug|Any CPU.Build.0 = Debug|Any CPU
		{30DF6551-9F23-4692-AC3C-13C3B526BADC}.DefaultBuild|Any CPU.ActiveCfg = Debug|Any CPU
		{30DF6551-9F23-4692-AC3C-13C3B526BADC}.DefaultBuild|Any CPU.Build.0 = Debug|Any CPU
		{30DF6551-9F23-4692-AC3C-13C3B526BADC}.Release|Any CPU.ActiveCfg = Release|Any CPU
		{30DF6551-9F23-4692-AC3C-13C3B526BADC}.Release|Any CPU.Build.0 = Release|Any CPU
		{00BA2DEA-BF8C-48F1-A635-42A7A90F9EE5}.Debug|Any CPU.ActiveCfg = DefaultBuild
		{00BA2DEA-BF8C-48F1-A635-42A7A90F9EE5}.DefaultBuild|Any CPU.ActiveCfg = DefaultBuild
		{00BA2DEA-BF8C-48F1-A635-42A7A90F9EE5}.DefaultBuild|Any CPU.Build.0 = DefaultBuild
		{00BA2DEA-BF8C-48F1-A635-42A7A90F9EE5}.Release|Any CPU.ActiveCfg = DefaultBuild
		{00BA2DEA-BF8C-48F1-A635-42A7A90F9EE5}.Release|Any CPU.Build.0 = DefaultBuild
	EndGlobalSection
	GlobalSection(SolutionProperties) = preSolution
		HideSolutionNode = FALSE
	EndGlobalSection
	GlobalSection(ExtensibilityGlobals) = postSolution
		SolutionGuid = {FC70D764-C70A-4285-9831-76098644157C}
	EndGlobalSection
EndGlobal
